
Microsoft Visual Studio Solution File, Format Version 12.00
# Visual Studio Version 17
VisualStudioVersion = 17.0.31903.59
MinimumVisualStudioVersion = 10.0.40219.1
Project("{FAE04EC0-301F-11D3-BF4B-00C04F79EFBC}") = "hexparser", "hexparser\hexparser.csproj", "{D4C843CA-945E-481B-82FA-0EE4EA21E930}"
EndProject
Project("{FAE04EC0-301F-11D3-BF4B-00C04F79EFBC}") = "hexparsertest", "hexparsertest\hexparsertest.csproj", "{C7426F74-DD56-4C26-906A-D2C374A4C712}"
EndProject
Global
	GlobalSection(SolutionConfigurationPlatforms) = preSolution
		Debug|Any CPU = Debug|Any CPU
		Release|Any CPU = Release|Any CPU
	EndGlobalSection
	GlobalSection(SolutionProperties) = preSolution
		HideSolutionNode = FALSE
	EndGlobalSection
	GlobalSection(ProjectConfigurationPlatforms) = postSolution
		{D4C843CA-945E-481B-82FA-0EE4EA21E930}.Debug|Any CPU.ActiveCfg = Debug|Any CPU
		{D4C843CA-945E-481B-82FA-0EE4EA21E930}.Debug|Any CPU.Build.0 = Debug|Any CPU
		{D4C843CA-945E-481B-82FA-0EE4EA21E930}.Release|Any CPU.ActiveCfg = Release|Any CPU
		{D4C843CA-945E-481B-82FA-0EE4EA21E930}.Release|Any CPU.Build.0 = Release|Any CPU
		{C7426F74-DD56-4C26-906A-D2C374A4C712}.Debug|Any CPU.ActiveCfg = Debug|Any CPU
		{C7426F74-DD56-4C26-906A-D2C374A4C712}.Debug|Any CPU.Build.0 = Debug|Any CPU
		{C7426F74-DD56-4C26-906A-D2C374A4C712}.Release|Any CPU.ActiveCfg = Release|Any CPU
		{C7426F74-DD56-4C26-906A-D2C374A4C712}.Release|Any CPU.Build.0 = Release|Any CPU
	EndGlobalSection
EndGlobal
